
Microsoft Visual Studio Solution File, Format Version 12.00
# Visual Studio Version 17
VisualStudioVersion = 17.14.36705.20
MinimumVisualStudioVersion = 10.0.40219.1
Project("{FAE04EC0-301F-11D3-BF4B-00C04F79EFBC}") = "SalesLedger", "SalesLedger.csproj", "{405A06D9-B039-4D03-B55C-A75C04FDB336}"
EndProject
Project("{FAE04EC0-301F-11D3-BF4B-00C04F79EFBC}") = "SalesLedger.Business", "..\SalesLedger.Business\SalesLedger.Business.csproj", "{63B8F140-0EE4-418F-80CD-76A3B10E5830}"
EndProject
Project("{FAE04EC0-301F-11D3-BF4B-00C04F79EFBC}") = "SalesLedger.DataAccess", "..\SalesLedger.DataAccess\SalesLedger.DataAccess.csproj", "{DC15A27D-FA8E-4D85-80D8-06518066270B}"
EndProject
Global
	GlobalSection(SolutionConfigurationPlatforms) = preSolution
		Debug|Any CPU = Debug|Any CPU
		Release|Any CPU = Release|Any CPU
	EndGlobalSection
	GlobalSection(ProjectConfigurationPlatforms) = postSolution
		{405A06D9-B039-4D03-B55C-A75C04FDB336}.Debug|Any CPU.ActiveCfg = Debug|Any CPU
		{405A06D9-B039-4D03-B55C-A75C04FDB336}.Debug|Any CPU.Build.0 = Debug|Any CPU
		{405A06D9-B039-4D03-B55C-A75C04FDB336}.Release|Any CPU.ActiveCfg = Release|Any CPU
		{405A06D9-B039-4D03-B55C-A75C04FDB336}.Release|Any CPU.Build.0 = Release|Any CPU
		{63B8F140-0EE4-418F-80CD-76A3B10E5830}.Debug|Any CPU.ActiveCfg = Debug|Any CPU
		{63B8F140-0EE4-418F-80CD-76A3B10E5830}.Debug|Any CPU.Build.0 = Debug|Any CPU
		{63B8F140-0EE4-418F-80CD-76A3B10E5830}.Release|Any CPU.ActiveCfg = Release|Any CPU
		{63B8F140-0EE4-418F-80CD-76A3B10E5830}.Release|Any CPU.Build.0 = Release|Any CPU
		{DC15A27D-FA8E-4D85-80D8-06518066270B}.Debug|Any CPU.ActiveCfg = Debug|Any CPU
		{DC15A27D-FA8E-4D85-80D8-06518066270B}.Debug|Any CPU.Build.0 = Debug|Any CPU
		{DC15A27D-FA8E-4D85-80D8-06518066270B}.Release|Any CPU.ActiveCfg = Release|Any CPU
		{DC15A27D-FA8E-4D85-80D8-06518066270B}.Release|Any CPU.Build.0 = Release|Any CPU
	EndGlobalSection
	GlobalSection(SolutionProperties) = preSolution
		HideSolutionNode = FALSE
	EndGlobalSection
	GlobalSection(ExtensibilityGlobals) = postSolution
		SolutionGuid = {54E1D015-7A00-4A9A-BF36-91B4173624B0}
	EndGlobalSection
EndGlobal
